// !$*UTF8*$!
{
	archiveVersion = 1;
	classes = {
	};
	objectVersion = 56;
	objects = {

/* Begin PBXBuildFile section */
		9F27B3992A2B00D5001C9D55 /* AuthuiApp.swift in Sources */ = {isa = PBXBuildFile; fileRef = 9F27B3982A2B00D5001C9D55 /* AuthuiApp.swift */; };
		9F27B39B2A2B00D5001C9D55 /* HomeView.swift in Sources */ = {isa = PBXBuildFile; fileRef = 9F27B39A2A2B00D5001C9D55 /* HomeView.swift */; };
		9F27B39D2A2B00D8001C9D55 /* Assets.xcassets in Resources */ = {isa = PBXBuildFile; fileRef = 9F27B39C2A2B00D8001C9D55 /* Assets.xcassets */; };
		9F27B3A02A2B00D8001C9D55 /* Preview Assets.xcassets in Resources */ = {isa = PBXBuildFile; fileRef = 9F27B39F2A2B00D8001C9D55 /* Preview Assets.xcassets */; };
		9F27B3A82A2B1089001C9D55 /* ButtonView.swift in Sources */ = {isa = PBXBuildFile; fileRef = 9F27B3A72A2B1088001C9D55 /* ButtonView.swift */; };
		9F27B3AB2A2B18C6001C9D55 /* LoginView.swift in Sources */ = {isa = PBXBuildFile; fileRef = 9F27B3AA2A2B18C6001C9D55 /* LoginView.swift */; };
		9F27B3AD2A2B18D9001C9D55 /* SignupView.swift in Sources */ = {isa = PBXBuildFile; fileRef = 9F27B3AC2A2B18D9001C9D55 /* SignupView.swift */; };
		9F27B3B02A2B30AF001C9D55 /* TextFieldView.swift in Sources */ = {isa = PBXBuildFile; fileRef = 9F27B3AF2A2B30AF001C9D55 /* TextFieldView.swift */; };
		9F27B3B22A2B32DB001C9D55 /* DividerView.swift in Sources */ = {isa = PBXBuildFile; fileRef = 9F27B3B12A2B32DB001C9D55 /* DividerView.swift */; };
		9F4B0F782A2B627C008E7CA5 /* SocialImageView.swift in Sources */ = {isa = PBXBuildFile; fileRef = 9F4B0F772A2B627B008E7CA5 /* SocialImageView.swift */; };
/* End PBXBuildFile section */

/* Begin PBXFileReference section */
		9F27B3952A2B00D5001C9D55 /* Authui.app */ = {isa = PBXFileReference; explicitFileType = wrapper.application; includeInIndex = 0; path = Authui.app; sourceTree = BUILT_PRODUCTS_DIR; };
		9F27B3982A2B00D5001C9D55 /* AuthuiApp.swift */ = {isa = PBXFileReference; lastKnownFileType = sourcecode.swift; path = AuthuiApp.swift; sourceTree = "<group>"; };
		9F27B39A2A2B00D5001C9D55 /* HomeView.swift */ = {isa = PBXFileReference; lastKnownFileType = sourcecode.swift; path = HomeView.swift; sourceTree = "<group>"; };
		9F27B39C2A2B00D8001C9D55 /* Assets.xcassets */ = {isa = PBXFileReference; lastKnownFileType = folder.assetcatalog; path = Assets.xcassets; sourceTree = "<group>"; };
		9F27B39F2A2B00D8001C9D55 /* Preview Assets.xcassets */ = {isa = PBXFileReference; lastKnownFileType = folder.assetcatalog; path = "Preview Assets.xcassets"; sourceTree = "<group>"; };
		9F27B3A72A2B1088001C9D55 /* ButtonView.swift */ = {isa = PBXFileReference; lastKnownFileType = sourcecode.swift; path = ButtonView.swift; sourceTree = "<group>"; };
		9F27B3AA2A2B18C6001C9D55 /* LoginView.swift */ = {isa = PBXFileReference; lastKnownFileType = sourcecode.swift; path = LoginView.swift; sourceTree = "<group>"; };
		9F27B3AC2A2B18D9001C9D55 /* SignupView.swift */ = {isa = PBXFileReference; lastKnownFileType = sourcecode.swift; path = SignupView.swift; sourceTree = "<group>"; };
		9F27B3AF2A2B30AF001C9D55 /* TextFieldView.swift */ = {isa = PBXFileReference; lastKnownFileType = sourcecode.swift; path = TextFieldView.swift; sourceTree = "<group>"; };
		9F27B3B12A2B32DB001C9D55 /* DividerView.swift */ = {isa = PBXFileReference; lastKnownFileType = sourcecode.swift; path = DividerView.swift; sourceTree = "<group>"; };
		9F4B0F772A2B627B008E7CA5 /* SocialImageView.swift */ = {isa = PBXFileReference; lastKnownFileType = sourcecode.swift; path = SocialImageView.swift; sourceTree = "<group>"; };
/* End PBXFileReference section */

/* Begin PBXFrameworksBuildPhase section */
		9F27B3922A2B00D5001C9D55 /* Frameworks */ = {
			isa = PBXFrameworksBuildPhase;
			buildActionMask = 2147483647;
			files = (
			);
			runOnlyForDeploymentPostprocessing = 0;
		};
/* End PBXFrameworksBuildPhase section */

/* Begin PBXGroup section */
		9F27B38C2A2B00D5001C9D55 = {
			isa = PBXGroup;
			children = (
				9F27B3972A2B00D5001C9D55 /* Authui */,
				9F27B3962A2B00D5001C9D55 /* Products */,
			);
			sourceTree = "<group>";
		};
		9F27B3962A2B00D5001C9D55 /* Products */ = {
			isa = PBXGroup;
			children = (
				9F27B3952A2B00D5001C9D55 /* Authui.app */,
			);
			name = Products;
			sourceTree = "<group>";
		};
		9F27B3972A2B00D5001C9D55 /* Authui */ = {
			isa = PBXGroup;
			children = (
				9F27B3AE2A2B307C001C9D55 /* components */,
				9F27B3A92A2B189D001C9D55 /* bottomsheet */,
				9F27B3A62A2B1067001C9D55 /* button */,
				9F27B3982A2B00D5001C9D55 /* AuthuiApp.swift */,
				9F27B39A2A2B00D5001C9D55 /* HomeView.swift */,
				9F27B39C2A2B00D8001C9D55 /* Assets.xcassets */,
				9F27B39E2A2B00D8001C9D55 /* Preview Content */,
			);
			path = Authui;
			sourceTree = "<group>";
		};
		9F27B39E2A2B00D8001C9D55 /* Preview Content */ = {
			isa = PBXGroup;
			children = (
				9F27B39F2A2B00D8001C9D55 /* Preview Assets.xcassets */,
			);
			path = "Preview Content";
			sourceTree = "<group>";
		};
		9F27B3A62A2B1067001C9D55 /* button */ = {
			isa = PBXGroup;
			children = (
				9F27B3A72A2B1088001C9D55 /* ButtonView.swift */,
			);
			path = button;
			sourceTree = "<group>";
		};
		9F27B3A92A2B189D001C9D55 /* bottomsheet */ = {
			isa = PBXGroup;
			children = (
				9F27B3AA2A2B18C6001C9D55 /* LoginView.swift */,
				9F27B3AC2A2B18D9001C9D55 /* SignupView.swift */,
			);
			path = bottomsheet;
			sourceTree = "<group>";
		};
		9F27B3AE2A2B307C001C9D55 /* components */ = {
			isa = PBXGroup;
			children = (
				9F27B3AF2A2B30AF001C9D55 /* TextFieldView.swift */,
				9F27B3B12A2B32DB001C9D55 /* DividerView.swift */,
				9F4B0F772A2B627B008E7CA5 /* SocialImageView.swift */,
			);
			path = components;
			sourceTree = "<group>";
		};
/* End PBXGroup section */

/* Begin PBXNativeTarget section */
		9F27B3942A2B00D5001C9D55 /* Authui */ = {
			isa = PBXNativeTarget;
			buildConfigurationList = 9F27B3A32A2B00D8001C9D55 /* Build configuration list for PBXNativeTarget "Authui" */;
			buildPhases = (
				9F27B3912A2B00D5001C9D55 /* Sources */,
				9F27B3922A2B00D5001C9D55 /* Frameworks */,
				9F27B3932A2B00D5001C9D55 /* Resources */,
			);
			buildRules = (
			);
			dependencies = (
			);
			name = Authui;
			productName = Authui;
			productReference = 9F27B3952A2B00D5001C9D55 /* Authui.app */;
			productType = "com.apple.product-type.application";
		};
/* End PBXNativeTarget section */

/* Begin PBXProject section */
		9F27B38D2A2B00D5001C9D55 /* Project object */ = {
			isa = PBXProject;
			attributes = {
				BuildIndependentTargetsInParallel = 1;
				LastSwiftUpdateCheck = 1400;
				LastUpgradeCheck = 1400;
				TargetAttributes = {
					9F27B3942A2B00D5001C9D55 = {
						CreatedOnToolsVersion = 14.0;
					};
				};
			};
			buildConfigurationList = 9F27B3902A2B00D5001C9D55 /* Build configuration list for PBXProject "Authui" */;
			compatibilityVersion = "Xcode 14.0";
			developmentRegion = en;
			hasScannedForEncodings = 0;
			knownRegions = (
				en,
				Base,
			);
			mainGroup = 9F27B38C2A2B00D5001C9D55;
			productRefGroup = 9F27B3962A2B00D5001C9D55 /* Products */;
			projectDirPath = "";
			projectRoot = "";
			targets = (
				9F27B3942A2B00D5001C9D55 /* Authui */,
			);
		};
/* End PBXProject section */

/* Begin PBXResourcesBuildPhase section */
		9F27B3932A2B00D5001C9D55 /* Resources */ = {
			isa = PBXResourcesBuildPhase;
			buildActionMask = 2147483647;
			files = (
				9F27B3A02A2B00D8001C9D55 /* Preview Assets.xcassets in Resources */,
				9F27B39D2A2B00D8001C9D55 /* Assets.xcassets in Resources */,
			);
			runOnlyForDeploymentPostprocessing = 0;
		};
/* End PBXResourcesBuildPhase section */

/* Begin PBXSourcesBuildPhase section */
		9F27B3912A2B00D5001C9D55 /* Sources */ = {
			isa = PBXSourcesBuildPhase;
			buildActionMask = 2147483647;
			files = (
				9F27B39B2A2B00D5001C9D55 /* HomeView.swift in Sources */,
				9F4B0F782A2B627C008E7CA5 /* SocialImageView.swift in Sources */,
				9F27B3992A2B00D5001C9D55 /* AuthuiApp.swift in Sources */,
				9F27B3B22A2B32DB001C9D55 /* DividerView.swift in Sources */,
				9F27B3B02A2B30AF001C9D55 /* TextFieldView.swift in Sources */,
				9F27B3AB2A2B18C6001C9D55 /* LoginView.swift in Sources */,
				9F27B3A82A2B1089001C9D55 /* ButtonView.swift in Sources */,
				9F27B3AD2A2B18D9001C9D55 /* SignupView.swift in Sources */,
			);
			runOnlyForDeploymentPostprocessing = 0;
		};
/* End PBXSourcesBuildPhase section */

/* Begin XCBuildConfiguration section */
		9F27B3A12A2B00D8001C9D55 /* Debug */ = {
			isa = XCBuildConfiguration;
			buildSettings = {
				ALWAYS_SEARCH_USER_PATHS = NO;
				CLANG_ANALYZER_NONNULL = YES;
				CLANG_ANALYZER_NUMBER_OBJECT_CONVERSION = YES_AGGRESSIVE;
				CLANG_CXX_LANGUAGE_STANDARD = "gnu++20";
				CLANG_ENABLE_MODULES = YES;
				CLANG_ENABLE_OBJC_ARC = YES;
				CLANG_ENABLE_OBJC_WEAK = YES;
				CLANG_WARN_BLOCK_CAPTURE_AUTORELEASING = YES;
				CLANG_WARN_BOOL_CONVERSION = YES;
				CLANG_WARN_COMMA = YES;
				CLANG_WARN_CONSTANT_CONVERSION = YES;
				CLANG_WARN_DEPRECATED_OBJC_IMPLEMENTATIONS = YES;
				CLANG_WARN_DIRECT_OBJC_ISA_USAGE = YES_ERROR;
				CLANG_WARN_DOCUMENTATION_COMMENTS = YES;
				CLANG_WARN_EMPTY_BODY = YES;
				CLANG_WARN_ENUM_CONVERSION = YES;
				CLANG_WARN_INFINITE_RECURSION = YES;
				CLANG_WARN_INT_CONVERSION = YES;
				CLANG_WARN_NON_LITERAL_NULL_CONVERSION = YES;
				CLANG_WARN_OBJC_IMPLICIT_RETAIN_SELF = YES;
				CLANG_WARN_OBJC_LITERAL_CONVERSION = YES;
				CLANG_WARN_OBJC_ROOT_CLASS = YES_ERROR;
				CLANG_WARN_QUOTED_INCLUDE_IN_FRAMEWORK_HEADER = YES;
				CLANG_WARN_RANGE_LOOP_ANALYSIS = YES;
				CLANG_WARN_STRICT_PROTOTYPES = YES;
				CLANG_WARN_SUSPICIOUS_MOVE = YES;
				CLANG_WARN_UNGUARDED_AVAILABILITY = YES_AGGRESSIVE;
				CLANG_WARN_UNREACHABLE_CODE = YES;
				CLANG_WARN__DUPLICATE_METHOD_MATCH = YES;
				COPY_PHASE_STRIP = NO;
				DEBUG_INFORMATION_FORMAT = dwarf;
				ENABLE_STRICT_OBJC_MSGSEND = YES;
				ENABLE_TESTABILITY = YES;
				GCC_C_LANGUAGE_STANDARD = gnu11;
				GCC_DYNAMIC_NO_PIC = NO;
				GCC_NO_COMMON_BLOCKS = YES;
				GCC_OPTIMIZATION_LEVEL = 0;
				GCC_PREPROCESSOR_DEFINITIONS = (
					"DEBUG=1",
					"$(inherited)",
				);
				GCC_WARN_64_TO_32_BIT_CONVERSION = YES;
				GCC_WARN_ABOUT_RETURN_TYPE = YES_ERROR;
				GCC_WARN_UNDECLARED_SELECTOR = YES;
				GCC_WARN_UNINITIALIZED_AUTOS = YES_AGGRESSIVE;
				GCC_WARN_UNUSED_FUNCTION = YES;
				GCC_WARN_UNUSED_VARIABLE = YES;
				IPHONEOS_DEPLOYMENT_TARGET = 16.0;
				MTL_ENABLE_DEBUG_INFO = INCLUDE_SOURCE;
				MTL_FAST_MATH = YES;
				ONLY_ACTIVE_ARCH = YES;
				SDKROOT = iphoneos;
				SWIFT_ACTIVE_COMPILATION_CONDITIONS = DEBUG;
				SWIFT_OPTIMIZATION_LEVEL = "-Onone";
			};
			name = Debug;
		};
		9F27B3A22A2B00D8001C9D55 /* Release */ = {
			isa = XCBuildConfiguration;
			buildSettings = {
				ALWAYS_SEARCH_USER_PATHS = NO;
				CLANG_ANALYZER_NONNULL = YES;
				CLANG_ANALYZER_NUMBER_OBJECT_CONVERSION = YES_AGGRESSIVE;
				CLANG_CXX_LANGUAGE_STANDARD = "gnu++20";
				CLANG_ENABLE_MODULES = YES;
				CLANG_ENABLE_OBJC_ARC = YES;
				CLANG_ENABLE_OBJC_WEAK = YES;
				CLANG_WARN_BLOCK_CAPTURE_AUTORELEASING = YES;
				CLANG_WARN_BOOL_CONVERSION = YES;
				CLANG_WARN_COMMA = YES;
				CLANG_WARN_CONSTANT_CONVERSION = YES;
				CLANG_WARN_DEPRECATED_OBJC_IMPLEMENTATIONS = YES;
				CLANG_WARN_DIRECT_OBJC_ISA_USAGE = YES_ERROR;
				CLANG_WARN_DOCUMENTATION_COMMENTS = YES;
				CLANG_WARN_EMPTY_BODY = YES;
				CLANG_WARN_ENUM_CONVERSION = YES;
				CLANG_WARN_INFINITE_RECURSION = YES;
				CLANG_WARN_INT_CONVERSION = YES;
				CLANG_WARN_NON_LITERAL_NULL_CONVERSION = YES;
				CLANG_WARN_OBJC_IMPLICIT_RETAIN_SELF = YES;
				CLANG_WARN_OBJC_LITERAL_CONVERSION = YES;
				CLANG_WARN_OBJC_ROOT_CLASS = YES_ERROR;
				CLANG_WARN_QUOTED_INCLUDE_IN_FRAMEWORK_HEADER = YES;
				CLANG_WARN_RANGE_LOOP_ANALYSIS = YES;
				CLANG_WARN_STRICT_PROTOTYPES = YES;
				CLANG_WARN_SUSPICIOUS_MOVE = YES;
				CLANG_WARN_UNGUARDED_AVAILABILITY = YES_AGGRESSIVE;
				CLANG_WARN_UNREACHABLE_CODE = YES;
				CLANG_WARN__DUPLICATE_METHOD_MATCH = YES;
				COPY_PHASE_STRIP = NO;
				DEBUG_INFORMATION_FORMAT = "dwarf-with-dsym";
				ENABLE_NS_ASSERTIONS = NO;
				ENABLE_STRICT_OBJC_MSGSEND = YES;
				GCC_C_LANGUAGE_STANDARD = gnu11;
				GCC_NO_COMMON_BLOCKS = YES;
				GCC_WARN_64_TO_32_BIT_CONVERSION = YES;
				GCC_WARN_ABOUT_RETURN_TYPE = YES_ERROR;
				GCC_WARN_UNDECLARED_SELECTOR = YES;
				GCC_WARN_UNINITIALIZED_AUTOS = YES_AGGRESSIVE;
				GCC_WARN_UNUSED_FUNCTION = YES;
				GCC_WARN_UNUSED_VARIABLE = YES;
				IPHONEOS_DEPLOYMENT_TARGET = 16.0;
				MTL_ENABLE_DEBUG_INFO = NO;
				MTL_FAST_MATH = YES;
				SDKROOT = iphoneos;
				SWIFT_COMPILATION_MODE = wholemodule;
				SWIFT_OPTIMIZATION_LEVEL = "-O";
				VALIDATE_PRODUCT = YES;
			};
			name = Release;
		};
		9F27B3A42A2B00D8001C9D55 /* Debug */ = {
			isa = XCBuildConfiguration;
			buildSettings = {
				ASSETCATALOG_COMPILER_APPICON_NAME = AppIcon;
				ASSETCATALOG_COMPILER_GLOBAL_ACCENT_COLOR_NAME = AccentColor;
				ASSETCATALOG_COMPILER_INCLUDE_ALL_APPICON_ASSETS = YES;
				CODE_SIGN_STYLE = Automatic;
				CURRENT_PROJECT_VERSION = 1;
				DEVELOPMENT_ASSET_PATHS = "\"Authui/Preview Content\"";
				ENABLE_PREVIEWS = YES;
				GENERATE_INFOPLIST_FILE = YES;
				INFOPLIST_KEY_UIApplicationSceneManifest_Generation = YES;
				INFOPLIST_KEY_UIApplicationSupportsIndirectInputEvents = YES;
				INFOPLIST_KEY_UILaunchScreen_Generation = YES;
				INFOPLIST_KEY_UISupportedInterfaceOrientations_iPad = "UIInterfaceOrientationPortrait UIInterfaceOrientationPortraitUpsideDown UIInterfaceOrientationLandscapeLeft UIInterfaceOrientationLandscapeRight";
				INFOPLIST_KEY_UISupportedInterfaceOrientations_iPhone = "UIInterfaceOrientationPortrait UIInterfaceOrientationLandscapeLeft UIInterfaceOrientationLandscapeRight";
				LD_RUNPATH_SEARCH_PATHS = (
					"$(inherited)",
					"@executable_path/Frameworks",
				);
				MARKETING_VERSION = 1.0;
				PRODUCT_BUNDLE_IDENTIFIER = com.codingwithjks.Authui;
				PRODUCT_NAME = "$(TARGET_NAME)";
				SWIFT_EMIT_LOC_STRINGS = YES;
				SWIFT_VERSION = 5.0;
				TARGETED_DEVICE_FAMILY = "1,2";
			};
			name = Debug;
		};
		9F27B3A52A2B00D8001C9D55 /* Release */ = {
			isa = XCBuildConfiguration;
			buildSettings = {
				ASSETCATALOG_COMPILER_APPICON_NAME = AppIcon;
				ASSETCATALOG_COMPILER_GLOBAL_ACCENT_COLOR_NAME = AccentColor;
				ASSETCATALOG_COMPILER_INCLUDE_ALL_APPICON_ASSETS = YES;
				CODE_SIGN_STYLE = Automatic;
				CURRENT_PROJECT_VERSION = 1;
				DEVELOPMENT_ASSET_PATHS = "\"Authui/Preview Content\"";
				ENABLE_PREVIEWS = YES;
				GENERATE_INFOPLIST_FILE = YES;
				INFOPLIST_KEY_UIApplicationSceneManifest_Generation = YES;
				INFOPLIST_KEY_UIApplicationSupportsIndirectInputEvents = YES;
				INFOPLIST_KEY_UILaunchScreen_Generation = YES;
				INFOPLIST_KEY_UISupportedInterfaceOrientations_iPad = "UIInterfaceOrientationPortrait UIInterfaceOrientationPortraitUpsideDown UIInterfaceOrientationLandscapeLeft UIInterfaceOrientationLandscapeRight";
				INFOPLIST_KEY_UISupportedInterfaceOrientations_iPhone = "UIInterfaceOrientationPortrait UIInterfaceOrientationLandscapeLeft UIInterfaceOrientationLandscapeRight";
				LD_RUNPATH_SEARCH_PATHS = (
					"$(inherited)",
					"@executable_path/Frameworks",
				);
				MARKETING_VERSION = 1.0;
				PRODUCT_BUNDLE_IDENTIFIER = com.codingwithjks.Authui;
				PRODUCT_NAME = "$(TARGET_NAME)";
				SWIFT_EMIT_LOC_STRINGS = YES;
				SWIFT_VERSION = 5.0;
				TARGETED_DEVICE_FAMILY = "1,2";
			};
			name = Release;
		};
/* End XCBuildConfiguration section */

/* Begin XCConfigurationList section */
		9F27B3902A2B00D5001C9D55 /* Build configuration list for PBXProject "Authui" */ = {
			isa = XCConfigurationList;
			buildConfigurations = (
				9F27B3A12A2B00D8001C9D55 /* Debug */,
				9F27B3A22A2B00D8001C9D55 /* Release */,
			);
			defaultConfigurationIsVisible = 0;
			defaultConfigurationName = Release;
		};
		9F27B3A32A2B00D8001C9D55 /* Build configuration list for PBXNativeTarget "Authui" */ = {
			isa = XCConfigurationList;
			buildConfigurations = (
				9F27B3A42A2B00D8001C9D55 /* Debug */,
				9F27B3A52A2B00D8001C9D55 /* Release */,
			);
			defaultConfigurationIsVisible = 0;
			defaultConfigurationName = Release;
		};
/* End XCConfigurationList section */
	};
	rootObject = 9F27B38D2A2B00D5001C9D55 /* Project object */;
}
